Microsoft Visual Studio Solution File, Format Version 12.00
# Visual Studio Version 17
VisualStudioVersion = 17.13.35931.197
MinimumVisualStudioVersion = 10.0.40219.1
Project("{FAE04EC0-301F-11D3-BF4B-00C04F79EFBC}") = "Test MCP Server", "Test MCP Server.csproj", "{F7A8B076-C588-4EFB-9A09-46EAD01D284D}"
EndProject
Global
	GlobalSection(SolutionConfigurationPlatforms) = preSolution
		Debug|Any CPU = Debug|Any CPU
		Release|Any CPU = Release|Any CPU
	EndGlobalSection
	GlobalSection(ProjectConfigurationPlatforms) = postSolution
		{F7A8B076-C588-4EFB-9A09-46EAD01D284D}.Debug|Any CPU.ActiveCfg = Debug|Any CPU
		{F7A8B076-C588-4EFB-9A09-46EAD01D284D}.Debug|Any CPU.Build.0 = Debug|Any CPU
		{F7A8B076-C588-4EFB-9A09-46EAD01D284D}.Release|Any CPU.ActiveCfg = Release|Any CPU
		{F7A8B076-C588-4EFB-9A09-46EAD01D284D}.Release|Any CPU.Build.0 = Release|Any CPU
	EndGlobalSection
	GlobalSection(SolutionProperties) = preSolution
		HideSolutionNode = FALSE
	EndGlobalSection
	GlobalSection(ExtensibilityGlobals) = postSolution
		SolutionGuid = {076063B0-1C47-436C-ACD2-C456F0C0283A}
	EndGlobalSection
EndGlobal
